
Microsoft Visual Studio Solution File, Format Version 12.00
# Visual Studio Version 17
VisualStudioVersion = 17.7.34031.279
MinimumVisualStudioVersion = 10.0.40219.1
Project("{FAE04EC0-301F-11D3-BF4B-00C04F79EFBC}") = "CalendarioWeb", "CalendarioWeb\CalendarioWeb.csproj", "{573E7E79-AFAD-42E7-8B18-70D3110A9F58}"
EndProject
Global
	GlobalSection(SolutionConfigurationPlatforms) = preSolution
		Debug|Any CPU = Debug|Any CPU
		Release|Any CPU = Release|Any CPU
	EndGlobalSection
	GlobalSection(ProjectConfigurationPlatforms) = postSolution
		{573E7E79-AFAD-42E7-8B18-70D3110A9F58}.Debug|Any CPU.ActiveCfg = Debug|Any CPU
		{573E7E79-AFAD-42E7-8B18-70D3110A9F58}.Debug|Any CPU.Build.0 = Debug|Any CPU
		{573E7E79-AFAD-42E7-8B18-70D3110A9F58}.Release|Any CPU.ActiveCfg = Release|Any CPU
		{573E7E79-AFAD-42E7-8B18-70D3110A9F58}.Release|Any CPU.Build.0 = Release|Any CPU
	EndGlobalSection
	GlobalSection(SolutionProperties) = preSolution
		HideSolutionNode = FALSE
	EndGlobalSection
	GlobalSection(ExtensibilityGlobals) = postSolution
		SolutionGuid = {1FC624CC-9FCF-4768-9258-0613ED878337}
	EndGlobalSection
EndGlobal
